
Microsoft Visual Studio Solution File, Format Version 12.00
# Visual Studio Version 17
VisualStudioVersion = 17.2.32630.192
MinimumVisualStudioVersion = 10.0.40219.1
Project("{FAE04EC0-301F-11D3-BF4B-00C04F79EFBC}") = "TP.Aula03Exer01", "TP.Aula03Exer\TP.Aula03Exer01.csproj", "{C559F1C4-09A8-4944-A1FB-2E33BC82A511}"
EndProject
Global
	GlobalSection(SolutionConfigurationPlatforms) = preSolution
		Debug|Any CPU = Debug|Any CPU
		Release|Any CPU = Release|Any CPU
	EndGlobalSection
	GlobalSection(ProjectConfigurationPlatforms) = postSolution
		{C559F1C4-09A8-4944-A1FB-2E33BC82A511}.Debug|Any CPU.ActiveCfg = Debug|Any CPU
		{C559F1C4-09A8-4944-A1FB-2E33BC82A511}.Debug|Any CPU.Build.0 = Debug|Any CPU
		{C559F1C4-09A8-4944-A1FB-2E33BC82A511}.Release|Any CPU.ActiveCfg = Release|Any CPU
		{C559F1C4-09A8-4944-A1FB-2E33BC82A511}.Release|Any CPU.Build.0 = Release|Any CPU
	EndGlobalSection
	GlobalSection(SolutionProperties) = preSolution
		HideSolutionNode = FALSE
	EndGlobalSection
	GlobalSection(ExtensibilityGlobals) = postSolution
		SolutionGuid = {08B92FD1-3340-47EF-B6C0-DB215FAA8E5C}
	EndGlobalSection
EndGlobal
